// !$*UTF8*$!
{
	archiveVersion = 1;
	classes = {
	};
	objectVersion = 77;
	objects = {

/* Begin PBXBuildFile section */
		98A1B02E2DB0289400EAB663 /* AppDelegate.swift in Sources */ = {isa = PBXBuildFile; fileRef = 98A1B0242DB0289400EAB663 /* AppDelegate.swift */; };
		98A1B0302DB0289400EAB663 /* ViewController.swift in Sources */ = {isa = PBXBuildFile; fileRef = 98A1B02C2DB0289400EAB663 /* ViewController.swift */; };
		98A1B0312DB0289400EAB663 /* Assets.xcassets in Resources */ = {isa = PBXBuildFile; fileRef = 98A1B0252DB0289400EAB663 /* Assets.xcassets */; };
		98A1B0332DB0289400EAB663 /* LaunchScreen.storyboard in Resources */ = {isa = PBXBuildFile; fileRef = 98A1B0282DB0289400EAB663 /* LaunchScreen.storyboard */; };
		98A1B0372DB029AE00EAB663 /* FloatingTextField.swift in Sources */ = {isa = PBXBuildFile; fileRef = 98A1B0362DB029AD00EAB663 /* FloatingTextField.swift */; };
		98A1B03A2DB029FA00EAB663 /* Extension.swift in Sources */ = {isa = PBXBuildFile; fileRef = 98A1B0392DB029F700EAB663 /* Extension.swift */; };
		98A1B03D2DB02AE800EAB663 /* GlobalFunctions.swift in Sources */ = {isa = PBXBuildFile; fileRef = 98A1B03C2DB02AE400EAB663 /* GlobalFunctions.swift */; };
/* End PBXBuildFile section */

/* Begin PBXFileReference section */
		98A1B00C2DB0288A00EAB663 /* floating-text-field.app */ = {isa = PBXFileReference; explicitFileType = wrapper.application; includeInIndex = 0; path = "floating-text-field.app"; sourceTree = BUILT_PRODUCTS_DIR; };
		98A1B0242DB0289400EAB663 /* AppDelegate.swift */ = {isa = PBXFileReference; lastKnownFileType = sourcecode.swift; path = AppDelegate.swift; sourceTree = "<group>"; };
		98A1B0252DB0289400EAB663 /* Assets.xcassets */ = {isa = PBXFileReference; lastKnownFileType = folder.assetcatalog; path = Assets.xcassets; sourceTree = "<group>"; };
		98A1B0262DB0289400EAB663 /* Info.plist */ = {isa = PBXFileReference; lastKnownFileType = text.plist.xml; path = Info.plist; sourceTree = "<group>"; };
		98A1B0272DB0289400EAB663 /* Base */ = {isa = PBXFileReference; lastKnownFileType = file.storyboard; name = Base; path = Base.lproj/LaunchScreen.storyboard; sourceTree = "<group>"; };
		98A1B02C2DB0289400EAB663 /* ViewController.swift */ = {isa = PBXFileReference; lastKnownFileType = sourcecode.swift; path = ViewController.swift; sourceTree = "<group>"; };
		98A1B0362DB029AD00EAB663 /* FloatingTextField.swift */ = {isa = PBXFileReference; lastKnownFileType = sourcecode.swift; path = FloatingTextField.swift; sourceTree = "<group>"; };
		98A1B0392DB029F700EAB663 /* Extension.swift */ = {isa = PBXFileReference; lastKnownFileType = sourcecode.swift; path = Extension.swift; sourceTree = "<group>"; };
		98A1B03C2DB02AE400EAB663 /* GlobalFunctions.swift */ = {isa = PBXFileReference; lastKnownFileType = sourcecode.swift; path = GlobalFunctions.swift; sourceTree = "<group>"; };
/* End PBXFileReference section */

/* Begin PBXFrameworksBuildPhase section */
		98A1B0092DB0288A00EAB663 /* Frameworks */ = {
			isa = PBXFrameworksBuildPhase;
			buildActionMask = 2147483647;
			files = (
			);
			runOnlyForDeploymentPostprocessing = 0;
		};
/* End PBXFrameworksBuildPhase section */

/* Begin PBXGroup section */
		98A1B0032DB0288A00EAB663 = {
			isa = PBXGroup;
			children = (
				98A1B02D2DB0289400EAB663 /* floating-text-field */,
				98A1B00D2DB0288A00EAB663 /* Products */,
			);
			sourceTree = "<group>";
		};
		98A1B00D2DB0288A00EAB663 /* Products */ = {
			isa = PBXGroup;
			children = (
				98A1B00C2DB0288A00EAB663 /* floating-text-field.app */,
			);
			name = Products;
			sourceTree = "<group>";
		};
		98A1B02D2DB0289400EAB663 /* floating-text-field */ = {
			isa = PBXGroup;
			children = (
				98A1B03B2DB02ADD00EAB663 /* Helper */,
				98A1B0382DB029EF00EAB663 /* Extension */,
				98A1B0352DB029A400EAB663 /* Views */,
				98A1B0242DB0289400EAB663 /* AppDelegate.swift */,
				98A1B0252DB0289400EAB663 /* Assets.xcassets */,
				98A1B0262DB0289400EAB663 /* Info.plist */,
				98A1B0282DB0289400EAB663 /* LaunchScreen.storyboard */,
				98A1B02C2DB0289400EAB663 /* ViewController.swift */,
			);
			path = "floating-text-field";
			sourceTree = "<group>";
		};
		98A1B0352DB029A400EAB663 /* Views */ = {
			isa = PBXGroup;
			children = (
				98A1B0362DB029AD00EAB663 /* FloatingTextField.swift */,
			);
			path = Views;
			sourceTree = "<group>";
		};
		98A1B0382DB029EF00EAB663 /* Extension */ = {
			isa = PBXGroup;
			children = (
				98A1B0392DB029F700EAB663 /* Extension.swift */,
			);
			path = Extension;
			sourceTree = "<group>";
		};
		98A1B03B2DB02ADD00EAB663 /* Helper */ = {
			isa = PBXGroup;
			children = (
				98A1B03C2DB02AE400EAB663 /* GlobalFunctions.swift */,
			);
			path = Helper;
			sourceTree = "<group>";
		};
/* End PBXGroup section */

/* Begin PBXNativeTarget section */
		98A1B00B2DB0288A00EAB663 /* floating-text-field */ = {
			isa = PBXNativeTarget;
			buildConfigurationList = 98A1B01F2DB0288B00EAB663 /* Build configuration list for PBXNativeTarget "floating-text-field" */;
			buildPhases = (
				98A1B0082DB0288A00EAB663 /* Sources */,
				98A1B0092DB0288A00EAB663 /* Frameworks */,
				98A1B00A2DB0288A00EAB663 /* Resources */,
			);
			buildRules = (
			);
			dependencies = (
			);
			name = "floating-text-field";
			packageProductDependencies = (
			);
			productName = "floating-text-field";
			productReference = 98A1B00C2DB0288A00EAB663 /* floating-text-field.app */;
			productType = "com.apple.product-type.application";
		};
/* End PBXNativeTarget section */

/* Begin PBXProject section */
		98A1B0042DB0288A00EAB663 /* Project object */ = {
			isa = PBXProject;
			attributes = {
				BuildIndependentTargetsInParallel = 1;
				LastSwiftUpdateCheck = 1610;
				LastUpgradeCheck = 1610;
				TargetAttributes = {
					98A1B00B2DB0288A00EAB663 = {
						CreatedOnToolsVersion = 16.1;
					};
				};
			};
			buildConfigurationList = 98A1B0072DB0288A00EAB663 /* Build configuration list for PBXProject "floating-text-field" */;
			developmentRegion = en;
			hasScannedForEncodings = 0;
			knownRegions = (
				en,
				Base,
			);
			mainGroup = 98A1B0032DB0288A00EAB663;
			minimizedProjectReferenceProxies = 1;
			preferredProjectObjectVersion = 77;
			productRefGroup = 98A1B00D2DB0288A00EAB663 /* Products */;
			projectDirPath = "";
			projectRoot = "";
			targets = (
				98A1B00B2DB0288A00EAB663 /* floating-text-field */,
			);
		};
/* End PBXProject section */

/* Begin PBXResourcesBuildPhase section */
		98A1B00A2DB0288A00EAB663 /* Resources */ = {
			isa = PBXResourcesBuildPhase;
			buildActionMask = 2147483647;
			files = (
				98A1B0312DB0289400EAB663 /* Assets.xcassets in Resources */,
				98A1B0332DB0289400EAB663 /* LaunchScreen.storyboard in Resources */,
			);
			runOnlyForDeploymentPostprocessing = 0;
		};
/* End PBXResourcesBuildPhase section */

/* Begin PBXSourcesBuildPhase section */
		98A1B0082DB0288A00EAB663 /* Sources */ = {
			isa = PBXSourcesBuildPhase;
			buildActionMask = 2147483647;
			files = (
				98A1B02E2DB0289400EAB663 /* AppDelegate.swift in Sources */,
				98A1B0372DB029AE00EAB663 /* FloatingTextField.swift in Sources */,
				98A1B03D2DB02AE800EAB663 /* GlobalFunctions.swift in Sources */,
				98A1B0302DB0289400EAB663 /* ViewController.swift in Sources */,
				98A1B03A2DB029FA00EAB663 /* Extension.swift in Sources */,
			);
			runOnlyForDeploymentPostprocessing = 0;
		};
/* End PBXSourcesBuildPhase section */

/* Begin PBXVariantGroup section */
		98A1B0282DB0289400EAB663 /* LaunchScreen.storyboard */ = {
			isa = PBXVariantGroup;
			children = (
				98A1B0272DB0289400EAB663 /* Base */,
			);
			name = LaunchScreen.storyboard;
			sourceTree = "<group>";
		};
/* End PBXVariantGroup section */

/* Begin XCBuildConfiguration section */
		98A1B0202DB0288B00EAB663 /* Debug */ = {
			isa = XCBuildConfiguration;
			buildSettings = {
				ASSETCATALOG_COMPILER_APPICON_NAME = AppIcon;
				ASSETCATALOG_COMPILER_GLOBAL_ACCENT_COLOR_NAME = AccentColor;
				CODE_SIGN_STYLE = Automatic;
				CURRENT_PROJECT_VERSION = 1;
				DEVELOPMENT_TEAM = 7AKFC7FUBR;
				GENERATE_INFOPLIST_FILE = YES;
				INFOPLIST_FILE = "floating-text-field/Info.plist";
				INFOPLIST_KEY_UIApplicationSupportsIndirectInputEvents = YES;
				INFOPLIST_KEY_UILaunchStoryboardName = LaunchScreen;
				INFOPLIST_KEY_UISupportedInterfaceOrientations_iPad = "UIInterfaceOrientationPortrait UIInterfaceOrientationPortraitUpsideDown UIInterfaceOrientationLandscapeLeft UIInterfaceOrientationLandscapeRight";
				INFOPLIST_KEY_UISupportedInterfaceOrientations_iPhone = "UIInterfaceOrientationPortrait UIInterfaceOrientationLandscapeLeft UIInterfaceOrientationLandscapeRight";
				LD_RUNPATH_SEARCH_PATHS = (
					"$(inherited)",
					"@executable_path/Frameworks",
				);
				MARKETING_VERSION = 1.0;
				PRODUCT_BUNDLE_IDENTIFIER = "com.shamimmunshi.floating-text-field";
				PRODUCT_NAME = "$(TARGET_NAME)";
				SWIFT_EMIT_LOC_STRINGS = YES;
				SWIFT_VERSION = 5.0;
				TARGETED_DEVICE_FAMILY = "1,2";
			};
			name = Debug;
		};
		98A1B0212DB0288B00EAB663 /* Release */ = {
			isa = XCBuildConfiguration;
			buildSettings = {
				ASSETCATALOG_COMPILER_APPICON_NAME = AppIcon;
				ASSETCATALOG_COMPILER_GLOBAL_ACCENT_COLOR_NAME = AccentColor;
				CODE_SIGN_STYLE = Automatic;
				CURRENT_PROJECT_VERSION = 1;
				DEVELOPMENT_TEAM = 7AKFC7FUBR;
				GENERATE_INFOPLIST_FILE = YES;
				INFOPLIST_FILE = "floating-text-field/Info.plist";
				INFOPLIST_KEY_UIApplicationSupportsIndirectInputEvents = YES;
				INFOPLIST_KEY_UILaunchStoryboardName = LaunchScreen;
				INFOPLIST_KEY_UISupportedInterfaceOrientations_iPad = "UIInterfaceOrientationPortrait UIInterfaceOrientationPortraitUpsideDown UIInterfaceOrientationLandscapeLeft UIInterfaceOrientationLandscapeRight";
				INFOPLIST_KEY_UISupportedInterfaceOrientations_iPhone = "UIInterfaceOrientationPortrait UIInterfaceOrientationLandscapeLeft UIInterfaceOrientationLandscapeRight";
				LD_RUNPATH_SEARCH_PATHS = (
					"$(inherited)",
					"@executable_path/Frameworks",
				);
				MARKETING_VERSION = 1.0;
				PRODUCT_BUNDLE_IDENTIFIER = "com.shamimmunshi.floating-text-field";
				PRODUCT_NAME = "$(TARGET_NAME)";
				SWIFT_EMIT_LOC_STRINGS = YES;
				SWIFT_VERSION = 5.0;
				TARGETED_DEVICE_FAMILY = "1,2";
			};
			name = Release;
		};
		98A1B0222DB0288B00EAB663 /* Debug */ = {
			isa = XCBuildConfiguration;
			buildSettings = {
				ALWAYS_SEARCH_USER_PATHS = NO;
				ASSETCATALOG_COMPILER_GENERATE_SWIFT_ASSET_SYMBOL_EXTENSIONS = YES;
				CLANG_ANALYZER_NONNULL = YES;
				CLANG_ANALYZER_NUMBER_OBJECT_CONVERSION = YES_AGGRESSIVE;
				CLANG_CXX_LANGUAGE_STANDARD = "gnu++20";
				CLANG_ENABLE_MODULES = YES;
				CLANG_ENABLE_OBJC_ARC = YES;
				CLANG_ENABLE_OBJC_WEAK = YES;
				CLANG_WARN_BLOCK_CAPTURE_AUTORELEASING = YES;
				CLANG_WARN_BOOL_CONVERSION = YES;
				CLANG_WARN_COMMA = YES;
				CLANG_WARN_CONSTANT_CONVERSION = YES;
				CLANG_WARN_DEPRECATED_OBJC_IMPLEMENTATIONS = YES;
				CLANG_WARN_DIRECT_OBJC_ISA_USAGE = YES_ERROR;
				CLANG_WARN_DOCUMENTATION_COMMENTS = YES;
				CLANG_WARN_EMPTY_BODY = YES;
				CLANG_WARN_ENUM_CONVERSION = YES;
				CLANG_WARN_INFINITE_RECURSION = YES;
				CLANG_WARN_INT_CONVERSION = YES;
				CLANG_WARN_NON_LITERAL_NULL_CONVERSION = YES;
				CLANG_WARN_OBJC_IMPLICIT_RETAIN_SELF = YES;
				CLANG_WARN_OBJC_LITERAL_CONVERSION = YES;
				CLANG_WARN_OBJC_ROOT_CLASS = YES_ERROR;
				CLANG_WARN_QUOTED_INCLUDE_IN_FRAMEWORK_HEADER = YES;
				CLANG_WARN_RANGE_LOOP_ANALYSIS = YES;
				CLANG_WARN_STRICT_PROTOTYPES = YES;
				CLANG_WARN_SUSPICIOUS_MOVE = YES;
				CLANG_WARN_UNGUARDED_AVAILABILITY = YES_AGGRESSIVE;
				CLANG_WARN_UNREACHABLE_CODE = YES;
				CLANG_WARN__DUPLICATE_METHOD_MATCH = YES;
				COPY_PHASE_STRIP = NO;
				DEBUG_INFORMATION_FORMAT = dwarf;
				ENABLE_STRICT_OBJC_MSGSEND = YES;
				ENABLE_TESTABILITY = YES;
				ENABLE_USER_SCRIPT_SANDBOXING = YES;
				GCC_C_LANGUAGE_STANDARD = gnu17;
				GCC_DYNAMIC_NO_PIC = NO;
				GCC_NO_COMMON_BLOCKS = YES;
				GCC_OPTIMIZATION_LEVEL = 0;
				GCC_PREPROCESSOR_DEFINITIONS = (
					"DEBUG=1",
					"$(inherited)",
				);
				GCC_WARN_64_TO_32_BIT_CONVERSION = YES;
				GCC_WARN_ABOUT_RETURN_TYPE = YES_ERROR;
				GCC_WARN_UNDECLARED_SELECTOR = YES;
				GCC_WARN_UNINITIALIZED_AUTOS = YES_AGGRESSIVE;
				GCC_WARN_UNUSED_FUNCTION = YES;
				GCC_WARN_UNUSED_VARIABLE = YES;
				IPHONEOS_DEPLOYMENT_TARGET = 18.1;
				LOCALIZATION_PREFERS_STRING_CATALOGS = YES;
				MTL_ENABLE_DEBUG_INFO = INCLUDE_SOURCE;
				MTL_FAST_MATH = YES;
				ONLY_ACTIVE_ARCH = YES;
				SDKROOT = iphoneos;
				SWIFT_ACTIVE_COMPILATION_CONDITIONS = "DEBUG $(inherited)";
				SWIFT_OPTIMIZATION_LEVEL = "-Onone";
			};
			name = Debug;
		};
		98A1B0232DB0288B00EAB663 /* Release */ = {
			isa = XCBuildConfiguration;
			buildSettings = {
				ALWAYS_SEARCH_USER_PATHS = NO;
				ASSETCATALOG_COMPILER_GENERATE_SWIFT_ASSET_SYMBOL_EXTENSIONS = YES;
				CLANG_ANALYZER_NONNULL = YES;
				CLANG_ANALYZER_NUMBER_OBJECT_CONVERSION = YES_AGGRESSIVE;
				CLANG_CXX_LANGUAGE_STANDARD = "gnu++20";
				CLANG_ENABLE_MODULES = YES;
				CLANG_ENABLE_OBJC_ARC = YES;
				CLANG_ENABLE_OBJC_WEAK = YES;
				CLANG_WARN_BLOCK_CAPTURE_AUTORELEASING = YES;
				CLANG_WARN_BOOL_CONVERSION = YES;
				CLANG_WARN_COMMA = YES;
				CLANG_WARN_CONSTANT_CONVERSION = YES;
				CLANG_WARN_DEPRECATED_OBJC_IMPLEMENTATIONS = YES;
				CLANG_WARN_DIRECT_OBJC_ISA_USAGE = YES_ERROR;
				CLANG_WARN_DOCUMENTATION_COMMENTS = YES;
				CLANG_WARN_EMPTY_BODY = YES;
				CLANG_WARN_ENUM_CONVERSION = YES;
				CLANG_WARN_INFINITE_RECURSION = YES;
				CLANG_WARN_INT_CONVERSION = YES;
				CLANG_WARN_NON_LITERAL_NULL_CONVERSION = YES;
				CLANG_WARN_OBJC_IMPLICIT_RETAIN_SELF = YES;
				CLANG_WARN_OBJC_LITERAL_CONVERSION = YES;
				CLANG_WARN_OBJC_ROOT_CLASS = YES_ERROR;
				CLANG_WARN_QUOTED_INCLUDE_IN_FRAMEWORK_HEADER = YES;
				CLANG_WARN_RANGE_LOOP_ANALYSIS = YES;
				CLANG_WARN_STRICT_PROTOTYPES = YES;
				CLANG_WARN_SUSPICIOUS_MOVE = YES;
				CLANG_WARN_UNGUARDED_AVAILABILITY = YES_AGGRESSIVE;
				CLANG_WARN_UNREACHABLE_CODE = YES;
				CLANG_WARN__DUPLICATE_METHOD_MATCH = YES;
				COPY_PHASE_STRIP = NO;
				DEBUG_INFORMATION_FORMAT = "dwarf-with-dsym";
				ENABLE_NS_ASSERTIONS = NO;
				ENABLE_STRICT_OBJC_MSGSEND = YES;
				ENABLE_USER_SCRIPT_SANDBOXING = YES;
				GCC_C_LANGUAGE_STANDARD = gnu17;
				GCC_NO_COMMON_BLOCKS = YES;
				GCC_WARN_64_TO_32_BIT_CONVERSION = YES;
				GCC_WARN_ABOUT_RETURN_TYPE = YES_ERROR;
				GCC_WARN_UNDECLARED_SELECTOR = YES;
				GCC_WARN_UNINITIALIZED_AUTOS = YES_AGGRESSIVE;
				GCC_WARN_UNUSED_FUNCTION = YES;
				GCC_WARN_UNUSED_VARIABLE = YES;
				IPHONEOS_DEPLOYMENT_TARGET = 18.1;
				LOCALIZATION_PREFERS_STRING_CATALOGS = YES;
				MTL_ENABLE_DEBUG_INFO = NO;
				MTL_FAST_MATH = YES;
				SDKROOT = iphoneos;
				SWIFT_COMPILATION_MODE = wholemodule;
				VALIDATE_PRODUCT = YES;
			};
			name = Release;
		};
/* End XCBuildConfiguration section */

/* Begin XCConfigurationList section */
		98A1B0072DB0288A00EAB663 /* Build configuration list for PBXProject "floating-text-field" */ = {
			isa = XCConfigurationList;
			buildConfigurations = (
				98A1B0222DB0288B00EAB663 /* Debug */,
				98A1B0232DB0288B00EAB663 /* Release */,
			);
			defaultConfigurationIsVisible = 0;
			defaultConfigurationName = Release;
		};
		98A1B01F2DB0288B00EAB663 /* Build configuration list for PBXNativeTarget "floating-text-field" */ = {
			isa = XCConfigurationList;
			buildConfigurations = (
				98A1B0202DB0288B00EAB663 /* Debug */,
				98A1B0212DB0288B00EAB663 /* Release */,
			);
			defaultConfigurationIsVisible = 0;
			defaultConfigurationName = Release;
		};
/* End XCConfigurationList section */
	};
	rootObject = 98A1B0042DB0288A00EAB663 /* Project object */;
}
